// !$*UTF8*$!
{
	archiveVersion = 1;
	classes = {
	};
	objectVersion = 50;
	objects = {

/* Begin PBXBuildFile section */
		E28A829824EB48A200FA1BC0 /* AppDelegate.swift in Sources */ = {isa = PBXBuildFile; fileRef = E28A829724EB48A200FA1BC0 /* AppDelegate.swift */; };
		E28A829A24EB48A200FA1BC0 /* SceneDelegate.swift in Sources */ = {isa = PBXBuildFile; fileRef = E28A829924EB48A200FA1BC0 /* SceneDelegate.swift */; };
		E28A829C24EB48A200FA1BC0 /* ViewController.swift in Sources */ = {isa = PBXBuildFile; fileRef = E28A829B24EB48A200FA1BC0 /* ViewController.swift */; };
		E28A829F24EB48A200FA1BC0 /* Main.storyboard in Resources */ = {isa = PBXBuildFile; fileRef = E28A829D24EB48A200FA1BC0 /* Main.storyboard */; };
		E28A82A124EB48AC00FA1BC0 /* Assets.xcassets in Resources */ = {isa = PBXBuildFile; fileRef = E28A82A024EB48AC00FA1BC0 /* Assets.xcassets */; };
		E28A82A424EB48AC00FA1BC0 /* LaunchScreen.storyboard in Resources */ = {isa = PBXBuildFile; fileRef = E28A82A224EB48AC00FA1BC0 /* LaunchScreen.storyboard */; };
		E291D3CD24EC830A004FCB8A /* MovieModel.swift in Sources */ = {isa = PBXBuildFile; fileRef = E291D3CC24EC830A004FCB8A /* MovieModel.swift */; };
		E291D3D024EC8428004FCB8A /* TMDBClient.swift in Sources */ = {isa = PBXBuildFile; fileRef = E291D3CF24EC8428004FCB8A /* TMDBClient.swift */; };
		E291D3D224EC88D8004FCB8A /* TMDBTypes.swift in Sources */ = {isa = PBXBuildFile; fileRef = E291D3D124EC88D8004FCB8A /* TMDBTypes.swift */; };
/* End PBXBuildFile section */

/* Begin PBXFileReference section */
		E28A829424EB48A200FA1BC0 /* Movie Manager.app */ = {isa = PBXFileReference; explicitFileType = wrapper.application; includeInIndex = 0; path = "Movie Manager.app"; sourceTree = BUILT_PRODUCTS_DIR; };
		E28A829724EB48A200FA1BC0 /* AppDelegate.swift */ = {isa = PBXFileReference; lastKnownFileType = sourcecode.swift; path = AppDelegate.swift; sourceTree = "<group>"; };
		E28A829924EB48A200FA1BC0 /* SceneDelegate.swift */ = {isa = PBXFileReference; lastKnownFileType = sourcecode.swift; path = SceneDelegate.swift; sourceTree = "<group>"; };
		E28A829B24EB48A200FA1BC0 /* ViewController.swift */ = {isa = PBXFileReference; lastKnownFileType = sourcecode.swift; path = ViewController.swift; sourceTree = "<group>"; };
		E28A829E24EB48A200FA1BC0 /* Base */ = {isa = PBXFileReference; lastKnownFileType = file.storyboard; name = Base; path = Base.lproj/Main.storyboard; sourceTree = "<group>"; };
		E28A82A024EB48AC00FA1BC0 /* Assets.xcassets */ = {isa = PBXFileReference; lastKnownFileType = folder.assetcatalog; path = Assets.xcassets; sourceTree = "<group>"; };
		E28A82A324EB48AC00FA1BC0 /* Base */ = {isa = PBXFileReference; lastKnownFileType = file.storyboard; name = Base; path = Base.lproj/LaunchScreen.storyboard; sourceTree = "<group>"; };
		E28A82A524EB48AC00FA1BC0 /* Info.plist */ = {isa = PBXFileReference; lastKnownFileType = text.plist.xml; path = Info.plist; sourceTree = "<group>"; };
		E291D3CC24EC830A004FCB8A /* MovieModel.swift */ = {isa = PBXFileReference; lastKnownFileType = sourcecode.swift; path = MovieModel.swift; sourceTree = "<group>"; };
		E291D3CF24EC8428004FCB8A /* TMDBClient.swift */ = {isa = PBXFileReference; lastKnownFileType = sourcecode.swift; path = TMDBClient.swift; sourceTree = "<group>"; };
		E291D3D124EC88D8004FCB8A /* TMDBTypes.swift */ = {isa = PBXFileReference; lastKnownFileType = sourcecode.swift; path = TMDBTypes.swift; sourceTree = "<group>"; };
/* End PBXFileReference section */

/* Begin PBXFrameworksBuildPhase section */
		E28A829124EB48A200FA1BC0 /* Frameworks */ = {
			isa = PBXFrameworksBuildPhase;
			buildActionMask = 2147483647;
			files = (
			);
			runOnlyForDeploymentPostprocessing = 0;
		};
/* End PBXFrameworksBuildPhase section */

/* Begin PBXGroup section */
		E28A828B24EB48A200FA1BC0 = {
			isa = PBXGroup;
			children = (
				E28A829624EB48A200FA1BC0 /* Movie Manager */,
				E28A829524EB48A200FA1BC0 /* Products */,
			);
			sourceTree = "<group>";
		};
		E28A829524EB48A200FA1BC0 /* Products */ = {
			isa = PBXGroup;
			children = (
				E28A829424EB48A200FA1BC0 /* Movie Manager.app */,
			);
			name = Products;
			sourceTree = "<group>";
		};
		E28A829624EB48A200FA1BC0 /* Movie Manager */ = {
			isa = PBXGroup;
			children = (
				E28A82A524EB48AC00FA1BC0 /* Info.plist */,
				E28A82AB24EB493C00FA1BC0 /* Model */,
				E28A82AC24EB494400FA1BC0 /* View */,
				E28A82AD24EB494A00FA1BC0 /* Controller */,
				E28A829724EB48A200FA1BC0 /* AppDelegate.swift */,
				E28A829924EB48A200FA1BC0 /* SceneDelegate.swift */,
				E28A829B24EB48A200FA1BC0 /* ViewController.swift */,
			);
			path = "Movie Manager";
			sourceTree = "<group>";
		};
		E28A82AB24EB493C00FA1BC0 /* Model */ = {
			isa = PBXGroup;
			children = (
				E291D3CA24EC82C2004FCB8A /* Data */,
				E291D3CE24EC83FE004FCB8A /* TMDB Client */,
			);
			path = Model;
			sourceTree = "<group>";
		};
		E28A82AC24EB494400FA1BC0 /* View */ = {
			isa = PBXGroup;
			children = (
				E28A829D24EB48A200FA1BC0 /* Main.storyboard */,
				E28A82A224EB48AC00FA1BC0 /* LaunchScreen.storyboard */,
				E28A82A024EB48AC00FA1BC0 /* Assets.xcassets */,
			);
			path = View;
			sourceTree = "<group>";
		};
		E28A82AD24EB494A00FA1BC0 /* Controller */ = {
			isa = PBXGroup;
			children = (
			);
			path = Controller;
			sourceTree = "<group>";
		};
		E291D3CA24EC82C2004FCB8A /* Data */ = {
			isa = PBXGroup;
			children = (
				E291D3CC24EC830A004FCB8A /* MovieModel.swift */,
			);
			path = Data;
			sourceTree = "<group>";
		};
		E291D3CE24EC83FE004FCB8A /* TMDB Client */ = {
			isa = PBXGroup;
			children = (
				E291D3CF24EC8428004FCB8A /* TMDBClient.swift */,
				E291D3D124EC88D8004FCB8A /* TMDBTypes.swift */,
			);
			path = "TMDB Client";
			sourceTree = "<group>";
		};
/* End PBXGroup section */

/* Begin PBXNativeTarget section */
		E28A829324EB48A200FA1BC0 /* Movie Manager */ = {
			isa = PBXNativeTarget;
			buildConfigurationList = E28A82A824EB48AC00FA1BC0 /* Build configuration list for PBXNativeTarget "Movie Manager" */;
			buildPhases = (
				E28A829024EB48A200FA1BC0 /* Sources */,
				E28A829124EB48A200FA1BC0 /* Frameworks */,
				E28A829224EB48A200FA1BC0 /* Resources */,
			);
			buildRules = (
			);
			dependencies = (
			);
			name = "Movie Manager";
			productName = "Movie Manager";
			productReference = E28A829424EB48A200FA1BC0 /* Movie Manager.app */;
			productType = "com.apple.product-type.application";
		};
/* End PBXNativeTarget section */

/* Begin PBXProject section */
		E28A828C24EB48A200FA1BC0 /* Project object */ = {
			isa = PBXProject;
			attributes = {
				LastSwiftUpdateCheck = 1160;
				LastUpgradeCheck = 1160;
				ORGANIZATIONNAME = "Marky Jordan";
				TargetAttributes = {
					E28A829324EB48A200FA1BC0 = {
						CreatedOnToolsVersion = 11.6;
					};
				};
			};
			buildConfigurationList = E28A828F24EB48A200FA1BC0 /* Build configuration list for PBXProject "Movie Manager" */;
			compatibilityVersion = "Xcode 9.3";
			developmentRegion = en;
			hasScannedForEncodings = 0;
			knownRegions = (
				en,
				Base,
			);
			mainGroup = E28A828B24EB48A200FA1BC0;
			productRefGroup = E28A829524EB48A200FA1BC0 /* Products */;
			projectDirPath = "";
			projectRoot = "";
			targets = (
				E28A829324EB48A200FA1BC0 /* Movie Manager */,
			);
		};
/* End PBXProject section */

/* Begin PBXResourcesBuildPhase section */
		E28A829224EB48A200FA1BC0 /* Resources */ = {
			isa = PBXResourcesBuildPhase;
			buildActionMask = 2147483647;
			files = (
				E28A82A424EB48AC00FA1BC0 /* LaunchScreen.storyboard in Resources */,
				E28A82A124EB48AC00FA1BC0 /* Assets.xcassets in Resources */,
				E28A829F24EB48A200FA1BC0 /* Main.storyboard in Resources */,
			);
			runOnlyForDeploymentPostprocessing = 0;
		};
/* End PBXResourcesBuildPhase section */

/* Begin PBXSourcesBuildPhase section */
		E28A829024EB48A200FA1BC0 /* Sources */ = {
			isa = PBXSourcesBuildPhase;
			buildActionMask = 2147483647;
			files = (
				E291D3D024EC8428004FCB8A /* TMDBClient.swift in Sources */,
				E291D3CD24EC830A004FCB8A /* MovieModel.swift in Sources */,
				E291D3D224EC88D8004FCB8A /* TMDBTypes.swift in Sources */,
				E28A829C24EB48A200FA1BC0 /* ViewController.swift in Sources */,
				E28A829824EB48A200FA1BC0 /* AppDelegate.swift in Sources */,
				E28A829A24EB48A200FA1BC0 /* SceneDelegate.swift in Sources */,
			);
			runOnlyForDeploymentPostprocessing = 0;
		};
/* End PBXSourcesBuildPhase section */

/* Begin PBXVariantGroup section */
		E28A829D24EB48A200FA1BC0 /* Main.storyboard */ = {
			isa = PBXVariantGroup;
			children = (
				E28A829E24EB48A200FA1BC0 /* Base */,
			);
			name = Main.storyboard;
			sourceTree = "<group>";
		};
		E28A82A224EB48AC00FA1BC0 /* LaunchScreen.storyboard */ = {
			isa = PBXVariantGroup;
			children = (
				E28A82A324EB48AC00FA1BC0 /* Base */,
			);
			name = LaunchScreen.storyboard;
			sourceTree = "<group>";
		};
/* End PBXVariantGroup section */

/* Begin XCBuildConfiguration section */
		E28A82A624EB48AC00FA1BC0 /* Debug */ = {
			isa = XCBuildConfiguration;
			buildSettings = {
				ALWAYS_SEARCH_USER_PATHS = NO;
				CLANG_ANALYZER_NONNULL = YES;
				CLANG_ANALYZER_NUMBER_OBJECT_CONVERSION = YES_AGGRESSIVE;
				CLANG_CXX_LANGUAGE_STANDARD = "gnu++14";
				CLANG_CXX_LIBRARY = "libc++";
				CLANG_ENABLE_MODULES = YES;
				CLANG_ENABLE_OBJC_ARC = YES;
				CLANG_ENABLE_OBJC_WEAK = YES;
				CLANG_WARN_BLOCK_CAPTURE_AUTORELEASING = YES;
				CLANG_WARN_BOOL_CONVERSION = YES;
				CLANG_WARN_COMMA = YES;
				CLANG_WARN_CONSTANT_CONVERSION = YES;
				CLANG_WARN_DEPRECATED_OBJC_IMPLEMENTATIONS = YES;
				CLANG_WARN_DIRECT_OBJC_ISA_USAGE = YES_ERROR;
				CLANG_WARN_DOCUMENTATION_COMMENTS = YES;
				CLANG_WARN_EMPTY_BODY = YES;
				CLANG_WARN_ENUM_CONVERSION = YES;
				CLANG_WARN_INFINITE_RECURSION = YES;
				CLANG_WARN_INT_CONVERSION = YES;
				CLANG_WARN_NON_LITERAL_NULL_CONVERSION = YES;
				CLANG_WARN_OBJC_IMPLICIT_RETAIN_SELF = YES;
				CLANG_WARN_OBJC_LITERAL_CONVERSION = YES;
				CLANG_WARN_OBJC_ROOT_CLASS = YES_ERROR;
				CLANG_WARN_RANGE_LOOP_ANALYSIS = YES;
				CLANG_WARN_STRICT_PROTOTYPES = YES;
				CLANG_WARN_SUSPICIOUS_MOVE = YES;
				CLANG_WARN_UNGUARDED_AVAILABILITY = YES_AGGRESSIVE;
				CLANG_WARN_UNREACHABLE_CODE = YES;
				CLANG_WARN__DUPLICATE_METHOD_MATCH = YES;
				COPY_PHASE_STRIP = NO;
				DEBUG_INFORMATION_FORMAT = dwarf;
				ENABLE_STRICT_OBJC_MSGSEND = YES;
				ENABLE_TESTABILITY = YES;
				GCC_C_LANGUAGE_STANDARD = gnu11;
				GCC_DYNAMIC_NO_PIC = NO;
				GCC_NO_COMMON_BLOCKS = YES;
				GCC_OPTIMIZATION_LEVEL = 0;
				GCC_PREPROCESSOR_DEFINITIONS = (
					"DEBUG=1",
					"$(inherited)",
				);
				GCC_WARN_64_TO_32_BIT_CONVERSION = YES;
				GCC_WARN_ABOUT_RETURN_TYPE = YES_ERROR;
				GCC_WARN_UNDECLARED_SELECTOR = YES;
				GCC_WARN_UNINITIALIZED_AUTOS = YES_AGGRESSIVE;
				GCC_WARN_UNUSED_FUNCTION = YES;
				GCC_WARN_UNUSED_VARIABLE = YES;
				IPHONEOS_DEPLOYMENT_TARGET = 13.6;
				MTL_ENABLE_DEBUG_INFO = INCLUDE_SOURCE;
				MTL_FAST_MATH = YES;
				ONLY_ACTIVE_ARCH = YES;
				SDKROOT = iphoneos;
				SWIFT_ACTIVE_COMPILATION_CONDITIONS = DEBUG;
				SWIFT_OPTIMIZATION_LEVEL = "-Onone";
			};
			name = Debug;
		};
		E28A82A724EB48AC00FA1BC0 /* Release */ = {
			isa = XCBuildConfiguration;
			buildSettings = {
				ALWAYS_SEARCH_USER_PATHS = NO;
				CLANG_ANALYZER_NONNULL = YES;
				CLANG_ANALYZER_NUMBER_OBJECT_CONVERSION = YES_AGGRESSIVE;
				CLANG_CXX_LANGUAGE_STANDARD = "gnu++14";
				CLANG_CXX_LIBRARY = "libc++";
				CLANG_ENABLE_MODULES = YES;
				CLANG_ENABLE_OBJC_ARC = YES;
				CLANG_ENABLE_OBJC_WEAK = YES;
				CLANG_WARN_BLOCK_CAPTURE_AUTORELEASING = YES;
				CLANG_WARN_BOOL_CONVERSION = YES;
				CLANG_WARN_COMMA = YES;
				CLANG_WARN_CONSTANT_CONVERSION = YES;
				CLANG_WARN_DEPRECATED_OBJC_IMPLEMENTATIONS = YES;
				CLANG_WARN_DIRECT_OBJC_ISA_USAGE = YES_ERROR;
				CLANG_WARN_DOCUMENTATION_COMMENTS = YES;
				CLANG_WARN_EMPTY_BODY = YES;
				CLANG_WARN_ENUM_CONVERSION = YES;
				CLANG_WARN_INFINITE_RECURSION = YES;
				CLANG_WARN_INT_CONVERSION = YES;
				CLANG_WARN_NON_LITERAL_NULL_CONVERSION = YES;
				CLANG_WARN_OBJC_IMPLICIT_RETAIN_SELF = YES;
				CLANG_WARN_OBJC_LITERAL_CONVERSION = YES;
				CLANG_WARN_OBJC_ROOT_CLASS = YES_ERROR;
				CLANG_WARN_RANGE_LOOP_ANALYSIS = YES;
				CLANG_WARN_STRICT_PROTOTYPES = YES;
				CLANG_WARN_SUSPICIOUS_MOVE = YES;
				CLANG_WARN_UNGUARDED_AVAILABILITY = YES_AGGRESSIVE;
				CLANG_WARN_UNREACHABLE_CODE = YES;
				CLANG_WARN__DUPLICATE_METHOD_MATCH = YES;
				COPY_PHASE_STRIP = NO;
				DEBUG_INFORMATION_FORMAT = "dwarf-with-dsym";
				ENABLE_NS_ASSERTIONS = NO;
				ENABLE_STRICT_OBJC_MSGSEND = YES;
				GCC_C_LANGUAGE_STANDARD = gnu11;
				GCC_NO_COMMON_BLOCKS = YES;
				GCC_WARN_64_TO_32_BIT_CONVERSION = YES;
				GCC_WARN_ABOUT_RETURN_TYPE = YES_ERROR;
				GCC_WARN_UNDECLARED_SELECTOR = YES;
				GCC_WARN_UNINITIALIZED_AUTOS = YES_AGGRESSIVE;
				GCC_WARN_UNUSED_FUNCTION = YES;
				GCC_WARN_UNUSED_VARIABLE = YES;
				IPHONEOS_DEPLOYMENT_TARGET = 13.6;
				MTL_ENABLE_DEBUG_INFO = NO;
				MTL_FAST_MATH = YES;
				SDKROOT = iphoneos;
				SWIFT_COMPILATION_MODE = wholemodule;
				SWIFT_OPTIMIZATION_LEVEL = "-O";
				VALIDATE_PRODUCT = YES;
			};
			name = Release;
		};
		E28A82A924EB48AC00FA1BC0 /* Debug */ = {
			isa = XCBuildConfiguration;
			buildSettings = {
				ASSETCATALOG_COMPILER_APPICON_NAME = AppIcon;
				CODE_SIGN_STYLE = Automatic;
				DEVELOPMENT_TEAM = 86ZS9MTMVC;
				INFOPLIST_FILE = "Movie Manager/Info.plist";
				LD_RUNPATH_SEARCH_PATHS = (
					"$(inherited)",
					"@executable_path/Frameworks",
				);
				PRODUCT_BUNDLE_IDENTIFIER = "com.markyjordan.Movie-Manager";
				PRODUCT_NAME = "$(TARGET_NAME)";
				SWIFT_VERSION = 5.0;
				TARGETED_DEVICE_FAMILY = "1,2";
			};
			name = Debug;
		};
		E28A82AA24EB48AC00FA1BC0 /* Release */ = {
			isa = XCBuildConfiguration;
			buildSettings = {
				ASSETCATALOG_COMPILER_APPICON_NAME = AppIcon;
				CODE_SIGN_STYLE = Automatic;
				DEVELOPMENT_TEAM = 86ZS9MTMVC;
				INFOPLIST_FILE = "Movie Manager/Info.plist";
				LD_RUNPATH_SEARCH_PATHS = (
					"$(inherited)",
					"@executable_path/Frameworks",
				);
				PRODUCT_BUNDLE_IDENTIFIER = "com.markyjordan.Movie-Manager";
				PRODUCT_NAME = "$(TARGET_NAME)";
				SWIFT_VERSION = 5.0;
				TARGETED_DEVICE_FAMILY = "1,2";
			};
			name = Release;
		};
/* End XCBuildConfiguration section */

/* Begin XCConfigurationList section */
		E28A828F24EB48A200FA1BC0 /* Build configuration list for PBXProject "Movie Manager" */ = {
			isa = XCConfigurationList;
			buildConfigurations = (
				E28A82A624EB48AC00FA1BC0 /* Debug */,
				E28A82A724EB48AC00FA1BC0 /* Release */,
			);
			defaultConfigurationIsVisible = 0;
			defaultConfigurationName = Release;
		};
		E28A82A824EB48AC00FA1BC0 /* Build configuration list for PBXNativeTarget "Movie Manager" */ = {
			isa = XCConfigurationList;
			buildConfigurations = (
				E28A82A924EB48AC00FA1BC0 /* Debug */,
				E28A82AA24EB48AC00FA1BC0 /* Release */,
			);
			defaultConfigurationIsVisible = 0;
			defaultConfigurationName = Release;
		};
/* End XCConfigurationList section */
	};
	rootObject = E28A828C24EB48A200FA1BC0 /* Project object */;
}
